
Microsoft Visual Studio Solution File, Format Version 12.00
# Visual Studio Version 17
VisualStudioVersion = 17.7.34031.279
MinimumVisualStudioVersion = 10.0.40219.1
Project("{D954291E-2A0B-460D-934E-DC6B0785DB48}") = "Practic", "Practic\Practic.shproj", "{C2BC852C-BBD4-40D9-90A4-DDC690ED9461}"
EndProject
Project("{9A19103F-16F7-4668-BE54-9A1E7A4F7556}") = "FirstProject", "FirstProject\FirstProject.csproj", "{342ACBD8-FFC9-4125-A42C-287667FFDCB0}"
EndProject
Global
	GlobalSection(SolutionConfigurationPlatforms) = preSolution
		Debug|Any CPU = Debug|Any CPU
		Release|Any CPU = Release|Any CPU
	EndGlobalSection
	GlobalSection(ProjectConfigurationPlatforms) = postSolution
		{342ACBD8-FFC9-4125-A42C-287667FFDCB0}.Debug|Any CPU.ActiveCfg = Debug|Any CPU
		{342ACBD8-FFC9-4125-A42C-287667FFDCB0}.Debug|Any CPU.Build.0 = Debug|Any CPU
		{342ACBD8-FFC9-4125-A42C-287667FFDCB0}.Release|Any CPU.ActiveCfg = Release|Any CPU
		{342ACBD8-FFC9-4125-A42C-287667FFDCB0}.Release|Any CPU.Build.0 = Release|Any CPU
	EndGlobalSection
	GlobalSection(SolutionProperties) = preSolution
		HideSolutionNode = FALSE
	EndGlobalSection
	GlobalSection(ExtensibilityGlobals) = postSolution
		SolutionGuid = {C1B5276F-67A3-48CF-95ED-345FC1AE957A}
	EndGlobalSection
	GlobalSection(SharedMSBuildProjectFiles) = preSolution
		Practic\Practic.projitems*{c2bc852c-bbd4-40d9-90a4-ddc690ed9461}*SharedItemsImports = 13
	EndGlobalSection
EndGlobal
